
Microsoft Visual Studio Solution File, Format Version 12.00
# Visual Studio Version 16
VisualStudioVersion = 16.0.29009.5
MinimumVisualStudioVersion = 10.0.40219.1
Project("{FAE04EC0-301F-11D3-BF4B-00C04F79EFBC}") = "Interview", "Interview\Interview.csproj", "{161DACB8-C35C-48E0-A6C2-826738F56301}"
EndProject
Global
	GlobalSection(SolutionConfigurationPlatforms) = preSolution
		Debug|Any CPU = Debug|Any CPU
		Release|Any CPU = Release|Any CPU
	EndGlobalSection
	GlobalSection(ProjectConfigurationPlatforms) = postSolution
		{161DACB8-C35C-48E0-A6C2-826738F56301}.Debug|Any CPU.ActiveCfg = Debug|Any CPU
		{161DACB8-C35C-48E0-A6C2-826738F56301}.Debug|Any CPU.Build.0 = Debug|Any CPU
		{161DACB8-C35C-48E0-A6C2-826738F56301}.Release|Any CPU.ActiveCfg = Release|Any CPU
		{161DACB8-C35C-48E0-A6C2-826738F56301}.Release|Any CPU.Build.0 = Release|Any CPU
	EndGlobalSection
	GlobalSection(SolutionProperties) = preSolution
		HideSolutionNode = FALSE
	EndGlobalSection
	GlobalSection(ExtensibilityGlobals) = postSolution
		SolutionGuid = {2E820C9B-82EB-42CA-9674-0CC5B75337BA}
	EndGlobalSection
EndGlobal
