
Microsoft Visual Studio Solution File, Format Version 12.00
# Visual Studio Version 16
VisualStudioVersion = 16.0.29009.5
MinimumVisualStudioVersion = 10.0.40219.1
Project("{FAE04EC0-301F-11D3-BF4B-00C04F79EFBC}") = "Pg 103", "Pg 103.csproj", "{468339CD-7134-4590-A8B7-7083012654CC}"
EndProject
Global
	GlobalSection(SolutionConfigurationPlatforms) = preSolution
		Debug|Any CPU = Debug|Any CPU
		Release|Any CPU = Release|Any CPU
	EndGlobalSection
	GlobalSection(ProjectConfigurationPlatforms) = postSolution
		{468339CD-7134-4590-A8B7-7083012654CC}.Debug|Any CPU.ActiveCfg = Debug|Any CPU
		{468339CD-7134-4590-A8B7-7083012654CC}.Debug|Any CPU.Build.0 = Debug|Any CPU
		{468339CD-7134-4590-A8B7-7083012654CC}.Release|Any CPU.ActiveCfg = Release|Any CPU
		{468339CD-7134-4590-A8B7-7083012654CC}.Release|Any CPU.Build.0 = Release|Any CPU
	EndGlobalSection
	GlobalSection(SolutionProperties) = preSolution
		HideSolutionNode = FALSE
	EndGlobalSection
	GlobalSection(ExtensibilityGlobals) = postSolution
		SolutionGuid = {1999314A-393B-4049-9D9E-904A888055CB}
	EndGlobalSection
EndGlobal
