
Microsoft Visual Studio Solution File, Format Version 12.00
# Visual Studio Version 16
VisualStudioVersion = 16.0.29009.5
MinimumVisualStudioVersion = 10.0.40219.1
Project("{FAE04EC0-301F-11D3-BF4B-00C04F79EFBC}") = "BooleanAssignment", "BooleanAssignment\BooleanAssignment.csproj", "{BEF5DE91-8FBF-4D70-8F89-059E911918D2}"
EndProject
Global
	GlobalSection(SolutionConfigurationPlatforms) = preSolution
		Debug|Any CPU = Debug|Any CPU
		Release|Any CPU = Release|Any CPU
	EndGlobalSection
	GlobalSection(ProjectConfigurationPlatforms) = postSolution
		{BEF5DE91-8FBF-4D70-8F89-059E911918D2}.Debug|Any CPU.ActiveCfg = Debug|Any CPU
		{BEF5DE91-8FBF-4D70-8F89-059E911918D2}.Debug|Any CPU.Build.0 = Debug|Any CPU
		{BEF5DE91-8FBF-4D70-8F89-059E911918D2}.Release|Any CPU.ActiveCfg = Release|Any CPU
		{BEF5DE91-8FBF-4D70-8F89-059E911918D2}.Release|Any CPU.Build.0 = Release|Any CPU
	EndGlobalSection
	GlobalSection(SolutionProperties) = preSolution
		HideSolutionNode = FALSE
	EndGlobalSection
	GlobalSection(ExtensibilityGlobals) = postSolution
		SolutionGuid = {7CBC5278-1A67-4D67-A980-A71F62805476}
	EndGlobalSection
EndGlobal
